
Microsoft Visual Studio Solution File, Format Version 12.00
# Visual Studio Version 16
VisualStudioVersion = 16.0.31729.503
MinimumVisualStudioVersion = 10.0.40219.1
Project("{FAE04EC0-301F-11D3-BF4B-00C04F79EFBC}") = "Tafare_folhadepagamento", "Tafare_folhadepagamento\Tafare_folhadepagamento.csproj", "{A167FA40-EEDD-4A70-A863-043B967A23A3}"
EndProject
Global
	GlobalSection(SolutionConfigurationPlatforms) = preSolution
		Debug|Any CPU = Debug|Any CPU
		Release|Any CPU = Release|Any CPU
	EndGlobalSection
	GlobalSection(ProjectConfigurationPlatforms) = postSolution
		{A167FA40-EEDD-4A70-A863-043B967A23A3}.Debug|Any CPU.ActiveCfg = Debug|Any CPU
		{A167FA40-EEDD-4A70-A863-043B967A23A3}.Debug|Any CPU.Build.0 = Debug|Any CPU
		{A167FA40-EEDD-4A70-A863-043B967A23A3}.Release|Any CPU.ActiveCfg = Release|Any CPU
		{A167FA40-EEDD-4A70-A863-043B967A23A3}.Release|Any CPU.Build.0 = Release|Any CPU
	EndGlobalSection
	GlobalSection(SolutionProperties) = preSolution
		HideSolutionNode = FALSE
	EndGlobalSection
	GlobalSection(ExtensibilityGlobals) = postSolution
		SolutionGuid = {E412CB3C-7898-4497-A5D2-63A0C810E11E}
	EndGlobalSection
EndGlobal
